
Microsoft Visual Studio Solution File, Format Version 12.00
# Visual Studio 15
VisualStudioVersion = 15.0.27130.2036
MinimumVisualStudioVersion = 10.0.40219.1
Project("{FAE04EC0-301F-11D3-BF4B-00C04F79EFBC}") = "LilliesDemo", "LilliesDemo\LilliesDemo.csproj", "{7BFDA15D-88D5-413F-B846-14E355423690}"
EndProject
Project("{FAE04EC0-301F-11D3-BF4B-00C04F79EFBC}") = "LilliesTesting", "LilliesTesting\LilliesTesting.csproj", "{3163704F-1084-430B-91A6-E2DF11F41826}"
EndProject
Global
	GlobalSection(SolutionConfigurationPlatforms) = preSolution
		Debug|Any CPU = Debug|Any CPU
		Release|Any CPU = Release|Any CPU
	EndGlobalSection
	GlobalSection(ProjectConfigurationPlatforms) = postSolution
		{7BFDA15D-88D5-413F-B846-14E355423690}.Debug|Any CPU.ActiveCfg = Debug|Any CPU
		{7BFDA15D-88D5-413F-B846-14E355423690}.Debug|Any CPU.Build.0 = Debug|Any CPU
		{7BFDA15D-88D5-413F-B846-14E355423690}.Release|Any CPU.ActiveCfg = Release|Any CPU
		{7BFDA15D-88D5-413F-B846-14E355423690}.Release|Any CPU.Build.0 = Release|Any CPU
		{3163704F-1084-430B-91A6-E2DF11F41826}.Debug|Any CPU.ActiveCfg = Debug|Any CPU
		{3163704F-1084-430B-91A6-E2DF11F41826}.Debug|Any CPU.Build.0 = Debug|Any CPU
		{3163704F-1084-430B-91A6-E2DF11F41826}.Release|Any CPU.ActiveCfg = Release|Any CPU
		{3163704F-1084-430B-91A6-E2DF11F41826}.Release|Any CPU.Build.0 = Release|Any CPU
	EndGlobalSection
	GlobalSection(SolutionProperties) = preSolution
		HideSolutionNode = FALSE
	EndGlobalSection
	GlobalSection(ExtensibilityGlobals) = postSolution
		SolutionGuid = {CB174FD6-E550-4797-B66B-A60F609064A8}
	EndGlobalSection
EndGlobal
